
Microsoft Visual Studio Solution File, Format Version 12.00
# Visual Studio Version 17
VisualStudioVersion = 17.7.34202.233
MinimumVisualStudioVersion = 10.0.40219.1
Project("{FAE04EC0-301F-11D3-BF4B-00C04F79EFBC}") = "WpfApp1", "WpfApp1.csproj", "{BD7E00E2-0748-43F3-8E1E-F4ED198C5601}"
EndProject
Global
	GlobalSection(SolutionConfigurationPlatforms) = preSolution
		Debug|Any CPU = Debug|Any CPU
		Release|Any CPU = Release|Any CPU
	EndGlobalSection
	GlobalSection(ProjectConfigurationPlatforms) = postSolution
		{BD7E00E2-0748-43F3-8E1E-F4ED198C5601}.Debug|Any CPU.ActiveCfg = Debug|Any CPU
		{BD7E00E2-0748-43F3-8E1E-F4ED198C5601}.Debug|Any CPU.Build.0 = Debug|Any CPU
		{BD7E00E2-0748-43F3-8E1E-F4ED198C5601}.Release|Any CPU.ActiveCfg = Release|Any CPU
		{BD7E00E2-0748-43F3-8E1E-F4ED198C5601}.Release|Any CPU.Build.0 = Release|Any CPU
	EndGlobalSection
	GlobalSection(SolutionProperties) = preSolution
		HideSolutionNode = FALSE
	EndGlobalSection
	GlobalSection(ExtensibilityGlobals) = postSolution
		SolutionGuid = {BBC51462-EC61-45E2-9B72-8375EE8DA365}
	EndGlobalSection
EndGlobal
